
Microsoft Visual Studio Solution File, Format Version 12.00
# Visual Studio 2013
VisualStudioVersion = 12.0.40629.0
MinimumVisualStudioVersion = 10.0.40219.1
Project("{FAE04EC0-301F-11D3-BF4B-00C04F79EFBC}") = "TodosApi", "TodosApi\TodosApi.csproj", "{1579A66E-857B-47BA-9138-98D1D4090717}"
EndProject
Project("{FAE04EC0-301F-11D3-BF4B-00C04F79EFBC}") = "TodosApi.Domain", "TodosApi.Domain\TodosApi.Domain.csproj", "{7D8CF122-9563-4426-BFD5-01A2A3242BA3}"
EndProject
Global
	GlobalSection(SolutionConfigurationPlatforms) = preSolution
		Debug|Any CPU = Debug|Any CPU
		Release|Any CPU = Release|Any CPU
	EndGlobalSection
	GlobalSection(ProjectConfigurationPlatforms) = postSolution
		{1579A66E-857B-47BA-9138-98D1D4090717}.Debug|Any CPU.ActiveCfg = Debug|Any CPU
		{1579A66E-857B-47BA-9138-98D1D4090717}.Debug|Any CPU.Build.0 = Debug|Any CPU
		{1579A66E-857B-47BA-9138-98D1D4090717}.Release|Any CPU.ActiveCfg = Release|Any CPU
		{1579A66E-857B-47BA-9138-98D1D4090717}.Release|Any CPU.Build.0 = Release|Any CPU
		{7D8CF122-9563-4426-BFD5-01A2A3242BA3}.Debug|Any CPU.ActiveCfg = Debug|Any CPU
		{7D8CF122-9563-4426-BFD5-01A2A3242BA3}.Debug|Any CPU.Build.0 = Debug|Any CPU
		{7D8CF122-9563-4426-BFD5-01A2A3242BA3}.Release|Any CPU.ActiveCfg = Release|Any CPU
		{7D8CF122-9563-4426-BFD5-01A2A3242BA3}.Release|Any CPU.Build.0 = Release|Any CPU
	EndGlobalSection
	GlobalSection(SolutionProperties) = preSolution
		HideSolutionNode = FALSE
	EndGlobalSection
EndGlobal
